
Microsoft Visual Studio Solution File, Format Version 12.00
# Visual Studio 2017
Project("{FAE04EC0-301F-11D3-BF4B-00C04F79EFBC}") = "Nativity", "Nativity.csproj", "{39AC11EE-49CC-95F3-372B-BC4CE37031BF}"
EndProject
Project("{FAE04EC0-301F-11D3-BF4B-00C04F79EFBC}") = "Unity.PackageManagerUI.Editor", "Unity.PackageManagerUI.Editor.csproj", "{6877705C-FBD9-0C4F-5AFB-6FB431E5D39D}"
EndProject
Project("{FAE04EC0-301F-11D3-BF4B-00C04F79EFBC}") = "Nativity.Editor", "Nativity.Editor.csproj", "{1438F413-F670-A562-2257-C8CCAF43E26D}"
EndProject
Global
	GlobalSection(SolutionConfigurationPlatforms) = preSolution
		Debug|Any CPU = Debug|Any CPU
		Release|Any CPU = Release|Any CPU
	EndGlobalSection
	GlobalSection(ProjectConfigurationPlatforms) = postSolution
		{39AC11EE-49CC-95F3-372B-BC4CE37031BF}.Debug|Any CPU.ActiveCfg = Debug|Any CPU
		{39AC11EE-49CC-95F3-372B-BC4CE37031BF}.Debug|Any CPU.Build.0 = Debug|Any CPU
		{39AC11EE-49CC-95F3-372B-BC4CE37031BF}.Release|Any CPU.ActiveCfg = Release|Any CPU
		{39AC11EE-49CC-95F3-372B-BC4CE37031BF}.Release|Any CPU.Build.0 = Release|Any CPU
		{6877705C-FBD9-0C4F-5AFB-6FB431E5D39D}.Debug|Any CPU.ActiveCfg = Debug|Any CPU
		{6877705C-FBD9-0C4F-5AFB-6FB431E5D39D}.Debug|Any CPU.Build.0 = Debug|Any CPU
		{6877705C-FBD9-0C4F-5AFB-6FB431E5D39D}.Release|Any CPU.ActiveCfg = Release|Any CPU
		{6877705C-FBD9-0C4F-5AFB-6FB431E5D39D}.Release|Any CPU.Build.0 = Release|Any CPU
		{1438F413-F670-A562-2257-C8CCAF43E26D}.Debug|Any CPU.ActiveCfg = Debug|Any CPU
		{1438F413-F670-A562-2257-C8CCAF43E26D}.Debug|Any CPU.Build.0 = Debug|Any CPU
		{1438F413-F670-A562-2257-C8CCAF43E26D}.Release|Any CPU.ActiveCfg = Release|Any CPU
		{1438F413-F670-A562-2257-C8CCAF43E26D}.Release|Any CPU.Build.0 = Release|Any CPU
	EndGlobalSection
	GlobalSection(SolutionProperties) = preSolution
		HideSolutionNode = FALSE
	EndGlobalSection
EndGlobal
